
Microsoft Visual Studio Solution File, Format Version 12.00
# Visual Studio Version 16
VisualStudioVersion = 16.0.31025.194
MinimumVisualStudioVersion = 10.0.40219.1
Project("{9A19103F-16F7-4668-BE54-9A1E7A4F7556}") = "Gaming", "ConsoleApp1\Gaming.csproj", "{C99204EC-AC9F-44DF-93B3-FA5C3AA78BE8}"
EndProject
Global
	GlobalSection(SolutionConfigurationPlatforms) = preSolution
		Debug|Any CPU = Debug|Any CPU
		Release|Any CPU = Release|Any CPU
	EndGlobalSection
	GlobalSection(ProjectConfigurationPlatforms) = postSolution
		{C99204EC-AC9F-44DF-93B3-FA5C3AA78BE8}.Debug|Any CPU.ActiveCfg = Debug|Any CPU
		{C99204EC-AC9F-44DF-93B3-FA5C3AA78BE8}.Debug|Any CPU.Build.0 = Debug|Any CPU
		{C99204EC-AC9F-44DF-93B3-FA5C3AA78BE8}.Release|Any CPU.ActiveCfg = Release|Any CPU
		{C99204EC-AC9F-44DF-93B3-FA5C3AA78BE8}.Release|Any CPU.Build.0 = Release|Any CPU
	EndGlobalSection
	GlobalSection(SolutionProperties) = preSolution
		HideSolutionNode = FALSE
	EndGlobalSection
	GlobalSection(ExtensibilityGlobals) = postSolution
		SolutionGuid = {0934C148-511A-42D5-B882-750C2BC6718C}
	EndGlobalSection
EndGlobal
